
Microsoft Visual Studio Solution File, Format Version 12.00
# Visual Studio Version 17
VisualStudioVersion = 17.14.36811.4 d17.14
MinimumVisualStudioVersion = 10.0.40219.1
Project("{FAE04EC0-301F-11D3-BF4B-00C04F79EFBC}") = "backend", "backend\backend.csproj", "{F480505A-F1B9-43D3-9A14-24D92EF8A9F3}"
EndProject
Global
	GlobalSection(SolutionConfigurationPlatforms) = preSolution
		Debug|Any CPU = Debug|Any CPU
		Release|Any CPU = Release|Any CPU
	EndGlobalSection
	GlobalSection(ProjectConfigurationPlatforms) = postSolution
		{F480505A-F1B9-43D3-9A14-24D92EF8A9F3}.Debug|Any CPU.ActiveCfg = Debug|Any CPU
		{F480505A-F1B9-43D3-9A14-24D92EF8A9F3}.Debug|Any CPU.Build.0 = Debug|Any CPU
		{F480505A-F1B9-43D3-9A14-24D92EF8A9F3}.Release|Any CPU.ActiveCfg = Release|Any CPU
		{F480505A-F1B9-43D3-9A14-24D92EF8A9F3}.Release|Any CPU.Build.0 = Release|Any CPU
	EndGlobalSection
	GlobalSection(SolutionProperties) = preSolution
		HideSolutionNode = FALSE
	EndGlobalSection
	GlobalSection(ExtensibilityGlobals) = postSolution
		SolutionGuid = {732AEF94-DB58-43F9-BAD5-ABD67E818E2D}
	EndGlobalSection
EndGlobal
