
Microsoft Visual Studio Solution File, Format Version 12.00
# Visual Studio Version 17
VisualStudioVersion = 17.14.36811.4
MinimumVisualStudioVersion = 10.0.40219.1
Project("{2150E333-8FDC-42A3-9474-1A3956D46DE8}") = "Services", "Services", "{A1B2C3D4-E5F6-7890-ABCD-EF1234567890}"
EndProject
Project("{2150E333-8FDC-42A3-9474-1A3956D46DE8}") = "AuthService", "AuthService", "{B2C3D4E5-F6A7-8901-BCDE-F12345678901}"
EndProject
Project("{FAE04EC0-301F-11D3-BF4B-00C04F79EFBC}") = "AuthService.Domain", "Services\AuthService\AuthService.Domain\AuthService.Domain.csproj", "{C3D4E5F6-A7B8-9012-CDEF-123456789012}"
EndProject
Project("{FAE04EC0-301F-11D3-BF4B-00C04F79EFBC}") = "AuthService.Application", "Services\AuthService\AuthService.Application\AuthService.Application.csproj", "{D4E5F6A7-B8C9-0123-DEF0-234567890123}"
EndProject
Project("{FAE04EC0-301F-11D3-BF4B-00C04F79EFBC}") = "AuthService.Infrastructure", "Services\AuthService\AuthService.Infrastructure\AuthService.Infrastructure.csproj", "{E5F6A7B8-C9D0-1234-EF01-345678901234}"
EndProject
Project("{FAE04EC0-301F-11D3-BF4B-00C04F79EFBC}") = "AuthService.Api", "Services\AuthService\AuthService.Api\AuthService.Api.csproj", "{F6A7B8C9-D0E1-2345-F012-456789012345}"
EndProject
Project("{2150E333-8FDC-42A3-9474-1A3956D46DE8}") = "PaperService", "PaperService", "{920A721A-2261-1D11-A6AA-D561803C6B97}"
EndProject
Project("{FAE04EC0-301F-11D3-BF4B-00C04F79EFBC}") = "PaperService.Domain", "Services\PaperService\PaperService.Domain\PaperService.Domain.csproj", "{69AE5947-AE0F-479C-BF71-93977E96253C}"
EndProject
Project("{FAE04EC0-301F-11D3-BF4B-00C04F79EFBC}") = "PaperService.Application", "Services\PaperService\PaperService.Application\PaperService.Application.csproj", "{2F304782-BF19-4600-9804-47953852BB97}"
EndProject
Project("{FAE04EC0-301F-11D3-BF4B-00C04F79EFBC}") = "PaperService.Infrastructure", "Services\PaperService\PaperService.Infrastructure\PaperService.Infrastructure.csproj", "{458FDF9C-8424-4239-9350-8D617D0607E6}"
EndProject
Project("{FAE04EC0-301F-11D3-BF4B-00C04F79EFBC}") = "PaperService.Api", "Services\PaperService\PaperService.Api\PaperService.Api.csproj", "{A6566CF5-90F5-425D-A3BE-E664FC5F77E4}"
EndProject
Project("{2150E333-8FDC-42A3-9474-1A3956D46DE8}") = "TrendService", "TrendService", "{A55DF4A3-F6E8-39BF-3ECD-BF70CFAB2C2F}"
EndProject
Project("{FAE04EC0-301F-11D3-BF4B-00C04F79EFBC}") = "TrendService.Domain", "Services\TrendService\TrendService.Domain\TrendService.Domain.csproj", "{C84F3CAF-FC7B-423A-8464-40D3F6FD21F4}"
EndProject
Project("{FAE04EC0-301F-11D3-BF4B-00C04F79EFBC}") = "TrendService.Application", "Services\TrendService\TrendService.Application\TrendService.Application.csproj", "{83F41E19-2B3C-40CF-8293-5C5FA64C8CC1}"
EndProject
Project("{FAE04EC0-301F-11D3-BF4B-00C04F79EFBC}") = "TrendService.Infrastructure", "Services\TrendService\TrendService.Infrastructure\TrendService.Infrastructure.csproj", "{D943EFEE-BB71-47C1-BA2D-88BFE99568B4}"
EndProject
Project("{FAE04EC0-301F-11D3-BF4B-00C04F79EFBC}") = "TrendService.Api", "Services\TrendService\TrendService.Api\TrendService.Api.csproj", "{C63D3B06-F104-4498-B0ED-542306241F67}"
EndProject
Project("{2150E333-8FDC-42A3-9474-1A3956D46DE8}") = "NotificationService", "NotificationService", "{3699FDFA-3CE4-B102-1E37-0D71667F95AC}"
EndProject
Project("{FAE04EC0-301F-11D3-BF4B-00C04F79EFBC}") = "NotificationService.Domain", "Services\NotificationService\NotificationService.Domain\NotificationService.Domain.csproj", "{ECD4CE31-EE7F-4FD6-B3D9-F1BFB00A6B1D}"
EndProject
Project("{FAE04EC0-301F-11D3-BF4B-00C04F79EFBC}") = "NotificationService.Application", "Services\NotificationService\NotificationService.Application\NotificationService.Application.csproj", "{20E4F15C-EF39-4FAC-AF03-FC562FFB95E7}"
EndProject
Project("{FAE04EC0-301F-11D3-BF4B-00C04F79EFBC}") = "NotificationService.Infrastructure", "Services\NotificationService\NotificationService.Infrastructure\NotificationService.Infrastructure.csproj", "{23F9ECAC-631D-4920-83AC-4F1E831FF35E}"
EndProject
Project("{FAE04EC0-301F-11D3-BF4B-00C04F79EFBC}") = "NotificationService.Api", "Services\NotificationService\NotificationService.Api\NotificationService.Api.csproj", "{5B1B51BE-9C62-47F2-A6E7-932F52DC8277}"
EndProject
Project("{2150E333-8FDC-42A3-9474-1A3956D46DE8}") = "SyncService", "SyncService", "{85F92AC9-4832-D40F-48FD-E7053BACAEB4}"
EndProject
Project("{FAE04EC0-301F-11D3-BF4B-00C04F79EFBC}") = "SyncService.Domain", "Services\SyncService\SyncService.Domain\SyncService.Domain.csproj", "{A4111351-62CE-47AC-AD14-44988C30DA64}"
EndProject
Project("{FAE04EC0-301F-11D3-BF4B-00C04F79EFBC}") = "SyncService.Application", "Services\SyncService\SyncService.Application\SyncService.Application.csproj", "{0D7B5F10-DB9C-49D7-8D0E-A0CF7607979C}"
EndProject
Project("{FAE04EC0-301F-11D3-BF4B-00C04F79EFBC}") = "SyncService.Infrastructure", "Services\SyncService\SyncService.Infrastructure\SyncService.Infrastructure.csproj", "{8F681723-1680-41D9-9D1C-C82DF40D85F2}"
EndProject
Project("{FAE04EC0-301F-11D3-BF4B-00C04F79EFBC}") = "SyncService.Api", "Services\SyncService\SyncService.Api\SyncService.Api.csproj", "{18501BD4-23D1-4093-840F-AA18B61D44AE}"
EndProject
Global
	GlobalSection(SolutionConfigurationPlatforms) = preSolution
		Debug|Any CPU = Debug|Any CPU
		Debug|x64 = Debug|x64
		Debug|x86 = Debug|x86
		Release|Any CPU = Release|Any CPU
		Release|x64 = Release|x64
		Release|x86 = Release|x86
	EndGlobalSection
	GlobalSection(ProjectConfigurationPlatforms) = postSolution
		{C3D4E5F6-A7B8-9012-CDEF-123456789012}.Debug|Any CPU.ActiveCfg = Debug|Any CPU
		{C3D4E5F6-A7B8-9012-CDEF-123456789012}.Debug|Any CPU.Build.0 = Debug|Any CPU
		{C3D4E5F6-A7B8-9012-CDEF-123456789012}.Debug|x64.ActiveCfg = Debug|Any CPU
		{C3D4E5F6-A7B8-9012-CDEF-123456789012}.Debug|x64.Build.0 = Debug|Any CPU
		{C3D4E5F6-A7B8-9012-CDEF-123456789012}.Debug|x86.ActiveCfg = Debug|Any CPU
		{C3D4E5F6-A7B8-9012-CDEF-123456789012}.Debug|x86.Build.0 = Debug|Any CPU
		{C3D4E5F6-A7B8-9012-CDEF-123456789012}.Release|Any CPU.ActiveCfg = Release|Any CPU
		{C3D4E5F6-A7B8-9012-CDEF-123456789012}.Release|Any CPU.Build.0 = Release|Any CPU
		{C3D4E5F6-A7B8-9012-CDEF-123456789012}.Release|x64.ActiveCfg = Release|Any CPU
		{C3D4E5F6-A7B8-9012-CDEF-123456789012}.Release|x64.Build.0 = Release|Any CPU
		{C3D4E5F6-A7B8-9012-CDEF-123456789012}.Release|x86.ActiveCfg = Release|Any CPU
		{C3D4E5F6-A7B8-9012-CDEF-123456789012}.Release|x86.Build.0 = Release|Any CPU
		{D4E5F6A7-B8C9-0123-DEF0-234567890123}.Debug|Any CPU.ActiveCfg = Debug|Any CPU
		{D4E5F6A7-B8C9-0123-DEF0-234567890123}.Debug|Any CPU.Build.0 = Debug|Any CPU
		{D4E5F6A7-B8C9-0123-DEF0-234567890123}.Debug|x64.ActiveCfg = Debug|Any CPU
		{D4E5F6A7-B8C9-0123-DEF0-234567890123}.Debug|x64.Build.0 = Debug|Any CPU
		{D4E5F6A7-B8C9-0123-DEF0-234567890123}.Debug|x86.ActiveCfg = Debug|Any CPU
		{D4E5F6A7-B8C9-0123-DEF0-234567890123}.Debug|x86.Build.0 = Debug|Any CPU
		{D4E5F6A7-B8C9-0123-DEF0-234567890123}.Release|Any CPU.ActiveCfg = Release|Any CPU
		{D4E5F6A7-B8C9-0123-DEF0-234567890123}.Release|Any CPU.Build.0 = Release|Any CPU
		{D4E5F6A7-B8C9-0123-DEF0-234567890123}.Release|x64.ActiveCfg = Release|Any CPU
		{D4E5F6A7-B8C9-0123-DEF0-234567890123}.Release|x64.Build.0 = Release|Any CPU
		{D4E5F6A7-B8C9-0123-DEF0-234567890123}.Release|x86.ActiveCfg = Release|Any CPU
		{D4E5F6A7-B8C9-0123-DEF0-234567890123}.Release|x86.Build.0 = Release|Any CPU
		{E5F6A7B8-C9D0-1234-EF01-345678901234}.Debug|Any CPU.ActiveCfg = Debug|Any CPU
		{E5F6A7B8-C9D0-1234-EF01-345678901234}.Debug|Any CPU.Build.0 = Debug|Any CPU
		{E5F6A7B8-C9D0-1234-EF01-345678901234}.Debug|x64.ActiveCfg = Debug|Any CPU
		{E5F6A7B8-C9D0-1234-EF01-345678901234}.Debug|x64.Build.0 = Debug|Any CPU
		{E5F6A7B8-C9D0-1234-EF01-345678901234}.Debug|x86.ActiveCfg = Debug|Any CPU
		{E5F6A7B8-C9D0-1234-EF01-345678901234}.Debug|x86.Build.0 = Debug|Any CPU
		{E5F6A7B8-C9D0-1234-EF01-345678901234}.Release|Any CPU.ActiveCfg = Release|Any CPU
		{E5F6A7B8-C9D0-1234-EF01-345678901234}.Release|Any CPU.Build.0 = Release|Any CPU
		{E5F6A7B8-C9D0-1234-EF01-345678901234}.Release|x64.ActiveCfg = Release|Any CPU
		{E5F6A7B8-C9D0-1234-EF01-345678901234}.Release|x64.Build.0 = Release|Any CPU
		{E5F6A7B8-C9D0-1234-EF01-345678901234}.Release|x86.ActiveCfg = Release|Any CPU
		{E5F6A7B8-C9D0-1234-EF01-345678901234}.Release|x86.Build.0 = Release|Any CPU
		{F6A7B8C9-D0E1-2345-F012-456789012345}.Debug|Any CPU.ActiveCfg = Debug|Any CPU
		{F6A7B8C9-D0E1-2345-F012-456789012345}.Debug|Any CPU.Build.0 = Debug|Any CPU
		{F6A7B8C9-D0E1-2345-F012-456789012345}.Debug|x64.ActiveCfg = Debug|Any CPU
		{F6A7B8C9-D0E1-2345-F012-456789012345}.Debug|x64.Build.0 = Debug|Any CPU
		{F6A7B8C9-D0E1-2345-F012-456789012345}.Debug|x86.ActiveCfg = Debug|Any CPU
		{F6A7B8C9-D0E1-2345-F012-456789012345}.Debug|x86.Build.0 = Debug|Any CPU
		{F6A7B8C9-D0E1-2345-F012-456789012345}.Release|Any CPU.ActiveCfg = Release|Any CPU
		{F6A7B8C9-D0E1-2345-F012-456789012345}.Release|Any CPU.Build.0 = Release|Any CPU
		{F6A7B8C9-D0E1-2345-F012-456789012345}.Release|x64.ActiveCfg = Release|Any CPU
		{F6A7B8C9-D0E1-2345-F012-456789012345}.Release|x64.Build.0 = Release|Any CPU
		{F6A7B8C9-D0E1-2345-F012-456789012345}.Release|x86.ActiveCfg = Release|Any CPU
		{F6A7B8C9-D0E1-2345-F012-456789012345}.Release|x86.Build.0 = Release|Any CPU
		{69AE5947-AE0F-479C-BF71-93977E96253C}.Debug|Any CPU.ActiveCfg = Debug|Any CPU
		{69AE5947-AE0F-479C-BF71-93977E96253C}.Debug|Any CPU.Build.0 = Debug|Any CPU
		{69AE5947-AE0F-479C-BF71-93977E96253C}.Debug|x64.ActiveCfg = Debug|Any CPU
		{69AE5947-AE0F-479C-BF71-93977E96253C}.Debug|x64.Build.0 = Debug|Any CPU
		{69AE5947-AE0F-479C-BF71-93977E96253C}.Debug|x86.ActiveCfg = Debug|Any CPU
		{69AE5947-AE0F-479C-BF71-93977E96253C}.Debug|x86.Build.0 = Debug|Any CPU
		{69AE5947-AE0F-479C-BF71-93977E96253C}.Release|Any CPU.ActiveCfg = Release|Any CPU
		{69AE5947-AE0F-479C-BF71-93977E96253C}.Release|Any CPU.Build.0 = Release|Any CPU
		{69AE5947-AE0F-479C-BF71-93977E96253C}.Release|x64.ActiveCfg = Release|Any CPU
		{69AE5947-AE0F-479C-BF71-93977E96253C}.Release|x64.Build.0 = Release|Any CPU
		{69AE5947-AE0F-479C-BF71-93977E96253C}.Release|x86.ActiveCfg = Release|Any CPU
		{69AE5947-AE0F-479C-BF71-93977E96253C}.Release|x86.Build.0 = Release|Any CPU
		{2F304782-BF19-4600-9804-47953852BB97}.Debug|Any CPU.ActiveCfg = Debug|Any CPU
		{2F304782-BF19-4600-9804-47953852BB97}.Debug|Any CPU.Build.0 = Debug|Any CPU
		{2F304782-BF19-4600-9804-47953852BB97}.Debug|x64.ActiveCfg = Debug|Any CPU
		{2F304782-BF19-4600-9804-47953852BB97}.Debug|x64.Build.0 = Debug|Any CPU
		{2F304782-BF19-4600-9804-47953852BB97}.Debug|x86.ActiveCfg = Debug|Any CPU
		{2F304782-BF19-4600-9804-47953852BB97}.Debug|x86.Build.0 = Debug|Any CPU
		{2F304782-BF19-4600-9804-47953852BB97}.Release|Any CPU.ActiveCfg = Release|Any CPU
		{2F304782-BF19-4600-9804-47953852BB97}.Release|Any CPU.Build.0 = Release|Any CPU
		{2F304782-BF19-4600-9804-47953852BB97}.Release|x64.ActiveCfg = Release|Any CPU
		{2F304782-BF19-4600-9804-47953852BB97}.Release|x64.Build.0 = Release|Any CPU
		{2F304782-BF19-4600-9804-47953852BB97}.Release|x86.ActiveCfg = Release|Any CPU
		{2F304782-BF19-4600-9804-47953852BB97}.Release|x86.Build.0 = Release|Any CPU
		{458FDF9C-8424-4239-9350-8D617D0607E6}.Debug|Any CPU.ActiveCfg = Debug|Any CPU
		{458FDF9C-8424-4239-9350-8D617D0607E6}.Debug|Any CPU.Build.0 = Debug|Any CPU
		{458FDF9C-8424-4239-9350-8D617D0607E6}.Debug|x64.ActiveCfg = Debug|Any CPU
		{458FDF9C-8424-4239-9350-8D617D0607E6}.Debug|x64.Build.0 = Debug|Any CPU
		{458FDF9C-8424-4239-9350-8D617D0607E6}.Debug|x86.ActiveCfg = Debug|Any CPU
		{458FDF9C-8424-4239-9350-8D617D0607E6}.Debug|x86.Build.0 = Debug|Any CPU
		{458FDF9C-8424-4239-9350-8D617D0607E6}.Release|Any CPU.ActiveCfg = Release|Any CPU
		{458FDF9C-8424-4239-9350-8D617D0607E6}.Release|Any CPU.Build.0 = Release|Any CPU
		{458FDF9C-8424-4239-9350-8D617D0607E6}.Release|x64.ActiveCfg = Release|Any CPU
		{458FDF9C-8424-4239-9350-8D617D0607E6}.Release|x64.Build.0 = Release|Any CPU
		{458FDF9C-8424-4239-9350-8D617D0607E6}.Release|x86.ActiveCfg = Release|Any CPU
		{458FDF9C-8424-4239-9350-8D617D0607E6}.Release|x86.Build.0 = Release|Any CPU
		{A6566CF5-90F5-425D-A3BE-E664FC5F77E4}.Debug|Any CPU.ActiveCfg = Debug|Any CPU
		{A6566CF5-90F5-425D-A3BE-E664FC5F77E4}.Debug|Any CPU.Build.0 = Debug|Any CPU
		{A6566CF5-90F5-425D-A3BE-E664FC5F77E4}.Debug|x64.ActiveCfg = Debug|Any CPU
		{A6566CF5-90F5-425D-A3BE-E664FC5F77E4}.Debug|x64.Build.0 = Debug|Any CPU
		{A6566CF5-90F5-425D-A3BE-E664FC5F77E4}.Debug|x86.ActiveCfg = Debug|Any CPU
		{A6566CF5-90F5-425D-A3BE-E664FC5F77E4}.Debug|x86.Build.0 = Debug|Any CPU
		{A6566CF5-90F5-425D-A3BE-E664FC5F77E4}.Release|Any CPU.ActiveCfg = Release|Any CPU
		{A6566CF5-90F5-425D-A3BE-E664FC5F77E4}.Release|Any CPU.Build.0 = Release|Any CPU
		{A6566CF5-90F5-425D-A3BE-E664FC5F77E4}.Release|x64.ActiveCfg = Release|Any CPU
		{A6566CF5-90F5-425D-A3BE-E664FC5F77E4}.Release|x64.Build.0 = Release|Any CPU
		{A6566CF5-90F5-425D-A3BE-E664FC5F77E4}.Release|x86.ActiveCfg = Release|Any CPU
		{A6566CF5-90F5-425D-A3BE-E664FC5F77E4}.Release|x86.Build.0 = Release|Any CPU
		{C84F3CAF-FC7B-423A-8464-40D3F6FD21F4}.Debug|Any CPU.ActiveCfg = Debug|Any CPU
		{C84F3CAF-FC7B-423A-8464-40D3F6FD21F4}.Debug|Any CPU.Build.0 = Debug|Any CPU
		{C84F3CAF-FC7B-423A-8464-40D3F6FD21F4}.Debug|x64.ActiveCfg = Debug|Any CPU
		{C84F3CAF-FC7B-423A-8464-40D3F6FD21F4}.Debug|x64.Build.0 = Debug|Any CPU
		{C84F3CAF-FC7B-423A-8464-40D3F6FD21F4}.Debug|x86.ActiveCfg = Debug|Any CPU
		{C84F3CAF-FC7B-423A-8464-40D3F6FD21F4}.Debug|x86.Build.0 = Debug|Any CPU
		{C84F3CAF-FC7B-423A-8464-40D3F6FD21F4}.Release|Any CPU.ActiveCfg = Release|Any CPU
		{C84F3CAF-FC7B-423A-8464-40D3F6FD21F4}.Release|Any CPU.Build.0 = Release|Any CPU
		{C84F3CAF-FC7B-423A-8464-40D3F6FD21F4}.Release|x64.ActiveCfg = Release|Any CPU
		{C84F3CAF-FC7B-423A-8464-40D3F6FD21F4}.Release|x64.Build.0 = Release|Any CPU
		{C84F3CAF-FC7B-423A-8464-40D3F6FD21F4}.Release|x86.ActiveCfg = Release|Any CPU
		{C84F3CAF-FC7B-423A-8464-40D3F6FD21F4}.Release|x86.Build.0 = Release|Any CPU
		{83F41E19-2B3C-40CF-8293-5C5FA64C8CC1}.Debug|Any CPU.ActiveCfg = Debug|Any CPU
		{83F41E19-2B3C-40CF-8293-5C5FA64C8CC1}.Debug|Any CPU.Build.0 = Debug|Any CPU
		{83F41E19-2B3C-40CF-8293-5C5FA64C8CC1}.Debug|x64.ActiveCfg = Debug|Any CPU
		{83F41E19-2B3C-40CF-8293-5C5FA64C8CC1}.Debug|x64.Build.0 = Debug|Any CPU
		{83F41E19-2B3C-40CF-8293-5C5FA64C8CC1}.Debug|x86.ActiveCfg = Debug|Any CPU
		{83F41E19-2B3C-40CF-8293-5C5FA64C8CC1}.Debug|x86.Build.0 = Debug|Any CPU
		{83F41E19-2B3C-40CF-8293-5C5FA64C8CC1}.Release|Any CPU.ActiveCfg = Release|Any CPU
		{83F41E19-2B3C-40CF-8293-5C5FA64C8CC1}.Release|Any CPU.Build.0 = Release|Any CPU
		{83F41E19-2B3C-40CF-8293-5C5FA64C8CC1}.Release|x64.ActiveCfg = Release|Any CPU
		{83F41E19-2B3C-40CF-8293-5C5FA64C8CC1}.Release|x64.Build.0 = Release|Any CPU
		{83F41E19-2B3C-40CF-8293-5C5FA64C8CC1}.Release|x86.ActiveCfg = Release|Any CPU
		{83F41E19-2B3C-40CF-8293-5C5FA64C8CC1}.Release|x86.Build.0 = Release|Any CPU
		{D943EFEE-BB71-47C1-BA2D-88BFE99568B4}.Debug|Any CPU.ActiveCfg = Debug|Any CPU
		{D943EFEE-BB71-47C1-BA2D-88BFE99568B4}.Debug|Any CPU.Build.0 = Debug|Any CPU
		{D943EFEE-BB71-47C1-BA2D-88BFE99568B4}.Debug|x64.ActiveCfg = Debug|Any CPU
		{D943EFEE-BB71-47C1-BA2D-88BFE99568B4}.Debug|x64.Build.0 = Debug|Any CPU
		{D943EFEE-BB71-47C1-BA2D-88BFE99568B4}.Debug|x86.ActiveCfg = Debug|Any CPU
		{D943EFEE-BB71-47C1-BA2D-88BFE99568B4}.Debug|x86.Build.0 = Debug|Any CPU
		{D943EFEE-BB71-47C1-BA2D-88BFE99568B4}.Release|Any CPU.ActiveCfg = Release|Any CPU
		{D943EFEE-BB71-47C1-BA2D-88BFE99568B4}.Release|Any CPU.Build.0 = Release|Any CPU
		{D943EFEE-BB71-47C1-BA2D-88BFE99568B4}.Release|x64.ActiveCfg = Release|Any CPU
		{D943EFEE-BB71-47C1-BA2D-88BFE99568B4}.Release|x64.Build.0 = Release|Any CPU
		{D943EFEE-BB71-47C1-BA2D-88BFE99568B4}.Release|x86.ActiveCfg = Release|Any CPU
		{D943EFEE-BB71-47C1-BA2D-88BFE99568B4}.Release|x86.Build.0 = Release|Any CPU
		{C63D3B06-F104-4498-B0ED-542306241F67}.Debug|Any CPU.ActiveCfg = Debug|Any CPU
		{C63D3B06-F104-4498-B0ED-542306241F67}.Debug|Any CPU.Build.0 = Debug|Any CPU
		{C63D3B06-F104-4498-B0ED-542306241F67}.Debug|x64.ActiveCfg = Debug|Any CPU
		{C63D3B06-F104-4498-B0ED-542306241F67}.Debug|x64.Build.0 = Debug|Any CPU
		{C63D3B06-F104-4498-B0ED-542306241F67}.Debug|x86.ActiveCfg = Debug|Any CPU
		{C63D3B06-F104-4498-B0ED-542306241F67}.Debug|x86.Build.0 = Debug|Any CPU
		{C63D3B06-F104-4498-B0ED-542306241F67}.Release|Any CPU.ActiveCfg = Release|Any CPU
		{C63D3B06-F104-4498-B0ED-542306241F67}.Release|Any CPU.Build.0 = Release|Any CPU
		{C63D3B06-F104-4498-B0ED-542306241F67}.Release|x64.ActiveCfg = Release|Any CPU
		{C63D3B06-F104-4498-B0ED-542306241F67}.Release|x64.Build.0 = Release|Any CPU
		{C63D3B06-F104-4498-B0ED-542306241F67}.Release|x86.ActiveCfg = Release|Any CPU
		{C63D3B06-F104-4498-B0ED-542306241F67}.Release|x86.Build.0 = Release|Any CPU
		{ECD4CE31-EE7F-4FD6-B3D9-F1BFB00A6B1D}.Debug|Any CPU.ActiveCfg = Debug|Any CPU
		{ECD4CE31-EE7F-4FD6-B3D9-F1BFB00A6B1D}.Debug|Any CPU.Build.0 = Debug|Any CPU
		{ECD4CE31-EE7F-4FD6-B3D9-F1BFB00A6B1D}.Debug|x64.ActiveCfg = Debug|Any CPU
		{ECD4CE31-EE7F-4FD6-B3D9-F1BFB00A6B1D}.Debug|x64.Build.0 = Debug|Any CPU
		{ECD4CE31-EE7F-4FD6-B3D9-F1BFB00A6B1D}.Debug|x86.ActiveCfg = Debug|Any CPU
		{ECD4CE31-EE7F-4FD6-B3D9-F1BFB00A6B1D}.Debug|x86.Build.0 = Debug|Any CPU
		{ECD4CE31-EE7F-4FD6-B3D9-F1BFB00A6B1D}.Release|Any CPU.ActiveCfg = Release|Any CPU
		{ECD4CE31-EE7F-4FD6-B3D9-F1BFB00A6B1D}.Release|Any CPU.Build.0 = Release|Any CPU
		{ECD4CE31-EE7F-4FD6-B3D9-F1BFB00A6B1D}.Release|x64.ActiveCfg = Release|Any CPU
		{ECD4CE31-EE7F-4FD6-B3D9-F1BFB00A6B1D}.Release|x64.Build.0 = Release|Any CPU
		{ECD4CE31-EE7F-4FD6-B3D9-F1BFB00A6B1D}.Release|x86.ActiveCfg = Release|Any CPU
		{ECD4CE31-EE7F-4FD6-B3D9-F1BFB00A6B1D}.Release|x86.Build.0 = Release|Any CPU
		{20E4F15C-EF39-4FAC-AF03-FC562FFB95E7}.Debug|Any CPU.ActiveCfg = Debug|Any CPU
		{20E4F15C-EF39-4FAC-AF03-FC562FFB95E7}.Debug|Any CPU.Build.0 = Debug|Any CPU
		{20E4F15C-EF39-4FAC-AF03-FC562FFB95E7}.Debug|x64.ActiveCfg = Debug|Any CPU
		{20E4F15C-EF39-4FAC-AF03-FC562FFB95E7}.Debug|x64.Build.0 = Debug|Any CPU
		{20E4F15C-EF39-4FAC-AF03-FC562FFB95E7}.Debug|x86.ActiveCfg = Debug|Any CPU
		{20E4F15C-EF39-4FAC-AF03-FC562FFB95E7}.Debug|x86.Build.0 = Debug|Any CPU
		{20E4F15C-EF39-4FAC-AF03-FC562FFB95E7}.Release|Any CPU.ActiveCfg = Release|Any CPU
		{20E4F15C-EF39-4FAC-AF03-FC562FFB95E7}.Release|Any CPU.Build.0 = Release|Any CPU
		{20E4F15C-EF39-4FAC-AF03-FC562FFB95E7}.Release|x64.ActiveCfg = Release|Any CPU
		{20E4F15C-EF39-4FAC-AF03-FC562FFB95E7}.Release|x64.Build.0 = Release|Any CPU
		{20E4F15C-EF39-4FAC-AF03-FC562FFB95E7}.Release|x86.ActiveCfg = Release|Any CPU
		{20E4F15C-EF39-4FAC-AF03-FC562FFB95E7}.Release|x86.Build.0 = Release|Any CPU
		{23F9ECAC-631D-4920-83AC-4F1E831FF35E}.Debug|Any CPU.ActiveCfg = Debug|Any CPU
		{23F9ECAC-631D-4920-83AC-4F1E831FF35E}.Debug|Any CPU.Build.0 = Debug|Any CPU
		{23F9ECAC-631D-4920-83AC-4F1E831FF35E}.Debug|x64.ActiveCfg = Debug|Any CPU
		{23F9ECAC-631D-4920-83AC-4F1E831FF35E}.Debug|x64.Build.0 = Debug|Any CPU
		{23F9ECAC-631D-4920-83AC-4F1E831FF35E}.Debug|x86.ActiveCfg = Debug|Any CPU
		{23F9ECAC-631D-4920-83AC-4F1E831FF35E}.Debug|x86.Build.0 = Debug|Any CPU
		{23F9ECAC-631D-4920-83AC-4F1E831FF35E}.Release|Any CPU.ActiveCfg = Release|Any CPU
		{23F9ECAC-631D-4920-83AC-4F1E831FF35E}.Release|Any CPU.Build.0 = Release|Any CPU
		{23F9ECAC-631D-4920-83AC-4F1E831FF35E}.Release|x64.ActiveCfg = Release|Any CPU
		{23F9ECAC-631D-4920-83AC-4F1E831FF35E}.Release|x64.Build.0 = Release|Any CPU
		{23F9ECAC-631D-4920-83AC-4F1E831FF35E}.Release|x86.ActiveCfg = Release|Any CPU
		{23F9ECAC-631D-4920-83AC-4F1E831FF35E}.Release|x86.Build.0 = Release|Any CPU
		{5B1B51BE-9C62-47F2-A6E7-932F52DC8277}.Debug|Any CPU.ActiveCfg = Debug|Any CPU
		{5B1B51BE-9C62-47F2-A6E7-932F52DC8277}.Debug|Any CPU.Build.0 = Debug|Any CPU
		{5B1B51BE-9C62-47F2-A6E7-932F52DC8277}.Debug|x64.ActiveCfg = Debug|Any CPU
		{5B1B51BE-9C62-47F2-A6E7-932F52DC8277}.Debug|x64.Build.0 = Debug|Any CPU
		{5B1B51BE-9C62-47F2-A6E7-932F52DC8277}.Debug|x86.ActiveCfg = Debug|Any CPU
		{5B1B51BE-9C62-47F2-A6E7-932F52DC8277}.Debug|x86.Build.0 = Debug|Any CPU
		{5B1B51BE-9C62-47F2-A6E7-932F52DC8277}.Release|Any CPU.ActiveCfg = Release|Any CPU
		{5B1B51BE-9C62-47F2-A6E7-932F52DC8277}.Release|Any CPU.Build.0 = Release|Any CPU
		{5B1B51BE-9C62-47F2-A6E7-932F52DC8277}.Release|x64.ActiveCfg = Release|Any CPU
		{5B1B51BE-9C62-47F2-A6E7-932F52DC8277}.Release|x64.Build.0 = Release|Any CPU
		{5B1B51BE-9C62-47F2-A6E7-932F52DC8277}.Release|x86.ActiveCfg = Release|Any CPU
		{5B1B51BE-9C62-47F2-A6E7-932F52DC8277}.Release|x86.Build.0 = Release|Any CPU
		{A4111351-62CE-47AC-AD14-44988C30DA64}.Debug|Any CPU.ActiveCfg = Debug|Any CPU
		{A4111351-62CE-47AC-AD14-44988C30DA64}.Debug|Any CPU.Build.0 = Debug|Any CPU
		{A4111351-62CE-47AC-AD14-44988C30DA64}.Debug|x64.ActiveCfg = Debug|Any CPU
		{A4111351-62CE-47AC-AD14-44988C30DA64}.Debug|x64.Build.0 = Debug|Any CPU
		{A4111351-62CE-47AC-AD14-44988C30DA64}.Debug|x86.ActiveCfg = Debug|Any CPU
		{A4111351-62CE-47AC-AD14-44988C30DA64}.Debug|x86.Build.0 = Debug|Any CPU
		{A4111351-62CE-47AC-AD14-44988C30DA64}.Release|Any CPU.ActiveCfg = Release|Any CPU
		{A4111351-62CE-47AC-AD14-44988C30DA64}.Release|Any CPU.Build.0 = Release|Any CPU
		{A4111351-62CE-47AC-AD14-44988C30DA64}.Release|x64.ActiveCfg = Release|Any CPU
		{A4111351-62CE-47AC-AD14-44988C30DA64}.Release|x64.Build.0 = Release|Any CPU
		{A4111351-62CE-47AC-AD14-44988C30DA64}.Release|x86.ActiveCfg = Release|Any CPU
		{A4111351-62CE-47AC-AD14-44988C30DA64}.Release|x86.Build.0 = Release|Any CPU
		{0D7B5F10-DB9C-49D7-8D0E-A0CF7607979C}.Debug|Any CPU.ActiveCfg = Debug|Any CPU
		{0D7B5F10-DB9C-49D7-8D0E-A0CF7607979C}.Debug|Any CPU.Build.0 = Debug|Any CPU
		{0D7B5F10-DB9C-49D7-8D0E-A0CF7607979C}.Debug|x64.ActiveCfg = Debug|Any CPU
		{0D7B5F10-DB9C-49D7-8D0E-A0CF7607979C}.Debug|x64.Build.0 = Debug|Any CPU
		{0D7B5F10-DB9C-49D7-8D0E-A0CF7607979C}.Debug|x86.ActiveCfg = Debug|Any CPU
		{0D7B5F10-DB9C-49D7-8D0E-A0CF7607979C}.Debug|x86.Build.0 = Debug|Any CPU
		{0D7B5F10-DB9C-49D7-8D0E-A0CF7607979C}.Release|Any CPU.ActiveCfg = Release|Any CPU
		{0D7B5F10-DB9C-49D7-8D0E-A0CF7607979C}.Release|Any CPU.Build.0 = Release|Any CPU
		{0D7B5F10-DB9C-49D7-8D0E-A0CF7607979C}.Release|x64.ActiveCfg = Release|Any CPU
		{0D7B5F10-DB9C-49D7-8D0E-A0CF7607979C}.Release|x64.Build.0 = Release|Any CPU
		{0D7B5F10-DB9C-49D7-8D0E-A0CF7607979C}.Release|x86.ActiveCfg = Release|Any CPU
		{0D7B5F10-DB9C-49D7-8D0E-A0CF7607979C}.Release|x86.Build.0 = Release|Any CPU
		{8F681723-1680-41D9-9D1C-C82DF40D85F2}.Debug|Any CPU.ActiveCfg = Debug|Any CPU
		{8F681723-1680-41D9-9D1C-C82DF40D85F2}.Debug|Any CPU.Build.0 = Debug|Any CPU
		{8F681723-1680-41D9-9D1C-C82DF40D85F2}.Debug|x64.ActiveCfg = Debug|Any CPU
		{8F681723-1680-41D9-9D1C-C82DF40D85F2}.Debug|x64.Build.0 = Debug|Any CPU
		{8F681723-1680-41D9-9D1C-C82DF40D85F2}.Debug|x86.ActiveCfg = Debug|Any CPU
		{8F681723-1680-41D9-9D1C-C82DF40D85F2}.Debug|x86.Build.0 = Debug|Any CPU
		{8F681723-1680-41D9-9D1C-C82DF40D85F2}.Release|Any CPU.ActiveCfg = Release|Any CPU
		{8F681723-1680-41D9-9D1C-C82DF40D85F2}.Release|Any CPU.Build.0 = Release|Any CPU
		{8F681723-1680-41D9-9D1C-C82DF40D85F2}.Release|x64.ActiveCfg = Release|Any CPU
		{8F681723-1680-41D9-9D1C-C82DF40D85F2}.Release|x64.Build.0 = Release|Any CPU
		{8F681723-1680-41D9-9D1C-C82DF40D85F2}.Release|x86.ActiveCfg = Release|Any CPU
		{8F681723-1680-41D9-9D1C-C82DF40D85F2}.Release|x86.Build.0 = Release|Any CPU
		{18501BD4-23D1-4093-840F-AA18B61D44AE}.Debug|Any CPU.ActiveCfg = Debug|Any CPU
		{18501BD4-23D1-4093-840F-AA18B61D44AE}.Debug|Any CPU.Build.0 = Debug|Any CPU
		{18501BD4-23D1-4093-840F-AA18B61D44AE}.Debug|x64.ActiveCfg = Debug|Any CPU
		{18501BD4-23D1-4093-840F-AA18B61D44AE}.Debug|x64.Build.0 = Debug|Any CPU
		{18501BD4-23D1-4093-840F-AA18B61D44AE}.Debug|x86.ActiveCfg = Debug|Any CPU
		{18501BD4-23D1-4093-840F-AA18B61D44AE}.Debug|x86.Build.0 = Debug|Any CPU
		{18501BD4-23D1-4093-840F-AA18B61D44AE}.Release|Any CPU.ActiveCfg = Release|Any CPU
		{18501BD4-23D1-4093-840F-AA18B61D44AE}.Release|Any CPU.Build.0 = Release|Any CPU
		{18501BD4-23D1-4093-840F-AA18B61D44AE}.Release|x64.ActiveCfg = Release|Any CPU
		{18501BD4-23D1-4093-840F-AA18B61D44AE}.Release|x64.Build.0 = Release|Any CPU
		{18501BD4-23D1-4093-840F-AA18B61D44AE}.Release|x86.ActiveCfg = Release|Any CPU
		{18501BD4-23D1-4093-840F-AA18B61D44AE}.Release|x86.Build.0 = Release|Any CPU
	EndGlobalSection
	GlobalSection(SolutionProperties) = preSolution
		HideSolutionNode = FALSE
	EndGlobalSection
	GlobalSection(NestedProjects) = preSolution
		{B2C3D4E5-F6A7-8901-BCDE-F12345678901} = {A1B2C3D4-E5F6-7890-ABCD-EF1234567890}
		{C3D4E5F6-A7B8-9012-CDEF-123456789012} = {B2C3D4E5-F6A7-8901-BCDE-F12345678901}
		{D4E5F6A7-B8C9-0123-DEF0-234567890123} = {B2C3D4E5-F6A7-8901-BCDE-F12345678901}
		{E5F6A7B8-C9D0-1234-EF01-345678901234} = {B2C3D4E5-F6A7-8901-BCDE-F12345678901}
		{F6A7B8C9-D0E1-2345-F012-456789012345} = {B2C3D4E5-F6A7-8901-BCDE-F12345678901}
		{920A721A-2261-1D11-A6AA-D561803C6B97} = {A1B2C3D4-E5F6-7890-ABCD-EF1234567890}
		{69AE5947-AE0F-479C-BF71-93977E96253C} = {920A721A-2261-1D11-A6AA-D561803C6B97}
		{2F304782-BF19-4600-9804-47953852BB97} = {920A721A-2261-1D11-A6AA-D561803C6B97}
		{458FDF9C-8424-4239-9350-8D617D0607E6} = {920A721A-2261-1D11-A6AA-D561803C6B97}
		{A6566CF5-90F5-425D-A3BE-E664FC5F77E4} = {920A721A-2261-1D11-A6AA-D561803C6B97}
		{A55DF4A3-F6E8-39BF-3ECD-BF70CFAB2C2F} = {A1B2C3D4-E5F6-7890-ABCD-EF1234567890}
		{C84F3CAF-FC7B-423A-8464-40D3F6FD21F4} = {A55DF4A3-F6E8-39BF-3ECD-BF70CFAB2C2F}
		{83F41E19-2B3C-40CF-8293-5C5FA64C8CC1} = {A55DF4A3-F6E8-39BF-3ECD-BF70CFAB2C2F}
		{D943EFEE-BB71-47C1-BA2D-88BFE99568B4} = {A55DF4A3-F6E8-39BF-3ECD-BF70CFAB2C2F}
		{C63D3B06-F104-4498-B0ED-542306241F67} = {A55DF4A3-F6E8-39BF-3ECD-BF70CFAB2C2F}
		{3699FDFA-3CE4-B102-1E37-0D71667F95AC} = {A1B2C3D4-E5F6-7890-ABCD-EF1234567890}
		{ECD4CE31-EE7F-4FD6-B3D9-F1BFB00A6B1D} = {3699FDFA-3CE4-B102-1E37-0D71667F95AC}
		{20E4F15C-EF39-4FAC-AF03-FC562FFB95E7} = {3699FDFA-3CE4-B102-1E37-0D71667F95AC}
		{23F9ECAC-631D-4920-83AC-4F1E831FF35E} = {3699FDFA-3CE4-B102-1E37-0D71667F95AC}
		{5B1B51BE-9C62-47F2-A6E7-932F52DC8277} = {3699FDFA-3CE4-B102-1E37-0D71667F95AC}
		{85F92AC9-4832-D40F-48FD-E7053BACAEB4} = {A1B2C3D4-E5F6-7890-ABCD-EF1234567890}
		{A4111351-62CE-47AC-AD14-44988C30DA64} = {85F92AC9-4832-D40F-48FD-E7053BACAEB4}
		{0D7B5F10-DB9C-49D7-8D0E-A0CF7607979C} = {85F92AC9-4832-D40F-48FD-E7053BACAEB4}
		{8F681723-1680-41D9-9D1C-C82DF40D85F2} = {85F92AC9-4832-D40F-48FD-E7053BACAEB4}
		{18501BD4-23D1-4093-840F-AA18B61D44AE} = {85F92AC9-4832-D40F-48FD-E7053BACAEB4}
	EndGlobalSection
	GlobalSection(ExtensibilityGlobals) = postSolution
		SolutionGuid = {732AEF94-DB58-43F9-BAD5-ABD67E818E2D}
	EndGlobalSection
EndGlobal
